
Microsoft Visual Studio Solution File, Format Version 12.00
# Visual Studio Version 17
VisualStudioVersion = 17.0.32112.339
MinimumVisualStudioVersion = 10.0.40219.1
Project("{9A19103F-16F7-4668-BE54-9A1E7A4F7556}") = "Battlemetrics_Check_Server", "Battlemetrics_Check_Server\Battlemetrics_Check_Server.csproj", "{B4B0B91D-AD13-448F-8314-DACB2C6ED42B}"
EndProject
Global
	GlobalSection(SolutionConfigurationPlatforms) = preSolution
		Debug|Any CPU = Debug|Any CPU
		Release|Any CPU = Release|Any CPU
	EndGlobalSection
	GlobalSection(ProjectConfigurationPlatforms) = postSolution
		{B4B0B91D-AD13-448F-8314-DACB2C6ED42B}.Debug|Any CPU.ActiveCfg = Debug|Any CPU
		{B4B0B91D-AD13-448F-8314-DACB2C6ED42B}.Debug|Any CPU.Build.0 = Debug|Any CPU
		{B4B0B91D-AD13-448F-8314-DACB2C6ED42B}.Release|Any CPU.ActiveCfg = Release|Any CPU
		{B4B0B91D-AD13-448F-8314-DACB2C6ED42B}.Release|Any CPU.Build.0 = Release|Any CPU
	EndGlobalSection
	GlobalSection(SolutionProperties) = preSolution
		HideSolutionNode = FALSE
	EndGlobalSection
	GlobalSection(ExtensibilityGlobals) = postSolution
		SolutionGuid = {DDD5311E-D36F-40F5-8894-BCB9CF716EBC}
	EndGlobalSection
EndGlobal
